
Microsoft Visual Studio Solution File, Format Version 12.00
# Visual Studio Version 17
VisualStudioVersion = 17.4.33213.308
MinimumVisualStudioVersion = 10.0.40219.1
Project("{FAE04EC0-301F-11D3-BF4B-00C04F79EFBC}") = "exercicio_3", "exercicio_3\exercicio_3.csproj", "{FB19AFBB-7619-4B03-92D5-55555767DFEB}"
EndProject
Global
	GlobalSection(SolutionConfigurationPlatforms) = preSolution
		Debug|Any CPU = Debug|Any CPU
		Release|Any CPU = Release|Any CPU
	EndGlobalSection
	GlobalSection(ProjectConfigurationPlatforms) = postSolution
		{FB19AFBB-7619-4B03-92D5-55555767DFEB}.Debug|Any CPU.ActiveCfg = Debug|Any CPU
		{FB19AFBB-7619-4B03-92D5-55555767DFEB}.Debug|Any CPU.Build.0 = Debug|Any CPU
		{FB19AFBB-7619-4B03-92D5-55555767DFEB}.Release|Any CPU.ActiveCfg = Release|Any CPU
		{FB19AFBB-7619-4B03-92D5-55555767DFEB}.Release|Any CPU.Build.0 = Release|Any CPU
	EndGlobalSection
	GlobalSection(SolutionProperties) = preSolution
		HideSolutionNode = FALSE
	EndGlobalSection
	GlobalSection(ExtensibilityGlobals) = postSolution
		SolutionGuid = {719F160B-CAEB-41F9-9A04-5656826867B1}
	EndGlobalSection
EndGlobal
