
Microsoft Visual Studio Solution File, Format Version 12.00
# Visual Studio Version 17
VisualStudioVersion = 17.4.33213.308
MinimumVisualStudioVersion = 10.0.40219.1
Project("{FAE04EC0-301F-11D3-BF4B-00C04F79EFBC}") = "exercicio01", "exercicio01\exercicio01.csproj", "{6B95694E-F4EE-4FF5-AAD8-3382048F6A13}"
EndProject
Global
	GlobalSection(SolutionConfigurationPlatforms) = preSolution
		Debug|Any CPU = Debug|Any CPU
		Release|Any CPU = Release|Any CPU
	EndGlobalSection
	GlobalSection(ProjectConfigurationPlatforms) = postSolution
		{6B95694E-F4EE-4FF5-AAD8-3382048F6A13}.Debug|Any CPU.ActiveCfg = Debug|Any CPU
		{6B95694E-F4EE-4FF5-AAD8-3382048F6A13}.Debug|Any CPU.Build.0 = Debug|Any CPU
		{6B95694E-F4EE-4FF5-AAD8-3382048F6A13}.Release|Any CPU.ActiveCfg = Release|Any CPU
		{6B95694E-F4EE-4FF5-AAD8-3382048F6A13}.Release|Any CPU.Build.0 = Release|Any CPU
	EndGlobalSection
	GlobalSection(SolutionProperties) = preSolution
		HideSolutionNode = FALSE
	EndGlobalSection
	GlobalSection(ExtensibilityGlobals) = postSolution
		SolutionGuid = {A8F558FC-2B82-4A2E-B262-F344A5DC0915}
	EndGlobalSection
EndGlobal
