
Microsoft Visual Studio Solution File, Format Version 12.00
# Visual Studio Version 17
VisualStudioVersion = 17.4.33213.308
MinimumVisualStudioVersion = 10.0.40219.1
Project("{FAE04EC0-301F-11D3-BF4B-00C04F79EFBC}") = "exercicio04", "exercicio04\exercicio04.csproj", "{EE72FF14-5A17-4D7E-9D04-1707ACAE38CF}"
EndProject
Global
	GlobalSection(SolutionConfigurationPlatforms) = preSolution
		Debug|Any CPU = Debug|Any CPU
		Release|Any CPU = Release|Any CPU
	EndGlobalSection
	GlobalSection(ProjectConfigurationPlatforms) = postSolution
		{EE72FF14-5A17-4D7E-9D04-1707ACAE38CF}.Debug|Any CPU.ActiveCfg = Debug|Any CPU
		{EE72FF14-5A17-4D7E-9D04-1707ACAE38CF}.Debug|Any CPU.Build.0 = Debug|Any CPU
		{EE72FF14-5A17-4D7E-9D04-1707ACAE38CF}.Release|Any CPU.ActiveCfg = Release|Any CPU
		{EE72FF14-5A17-4D7E-9D04-1707ACAE38CF}.Release|Any CPU.Build.0 = Release|Any CPU
	EndGlobalSection
	GlobalSection(SolutionProperties) = preSolution
		HideSolutionNode = FALSE
	EndGlobalSection
	GlobalSection(ExtensibilityGlobals) = postSolution
		SolutionGuid = {C5D81816-31DB-4E9F-9DA8-500902B08CE9}
	EndGlobalSection
EndGlobal
